
Microsoft Visual Studio Solution File, Format Version 12.00
# Visual Studio Version 16
VisualStudioVersion = 16.0.33423.256
MinimumVisualStudioVersion = 10.0.40219.1
Project("{9A19103F-16F7-4668-BE54-9A1E7A4F7556}") = "Projeto_Sistema_Web_com_ASP.NET", "Projeto-Sistema-Web-com-ASP.NET\Projeto_Sistema_Web_com_ASP.NET.csproj", "{38612122-9F53-45A9-ABBA-7FA371F54025}"
EndProject
Global
	GlobalSection(SolutionConfigurationPlatforms) = preSolution
		Debug|Any CPU = Debug|Any CPU
		Release|Any CPU = Release|Any CPU
	EndGlobalSection
	GlobalSection(ProjectConfigurationPlatforms) = postSolution
		{38612122-9F53-45A9-ABBA-7FA371F54025}.Debug|Any CPU.ActiveCfg = Debug|Any CPU
		{38612122-9F53-45A9-ABBA-7FA371F54025}.Debug|Any CPU.Build.0 = Debug|Any CPU
		{38612122-9F53-45A9-ABBA-7FA371F54025}.Release|Any CPU.ActiveCfg = Release|Any CPU
		{38612122-9F53-45A9-ABBA-7FA371F54025}.Release|Any CPU.Build.0 = Release|Any CPU
	EndGlobalSection
	GlobalSection(SolutionProperties) = preSolution
		HideSolutionNode = FALSE
	EndGlobalSection
	GlobalSection(ExtensibilityGlobals) = postSolution
		SolutionGuid = {CF39CC30-3DE4-4198-A7B2-66C4BEBB7662}
	EndGlobalSection
EndGlobal
